
Microsoft Visual Studio Solution File, Format Version 12.00
# Visual Studio Version 16
VisualStudioVersion = 16.0.34931.43
MinimumVisualStudioVersion = 10.0.40219.1
Project("{FAE04EC0-301F-11D3-BF4B-00C04F79EFBC}") = "LibLoadGenerator", "LibLoadGenerator.csproj", "{EEA07F6D-C488-4170-ABC6-DB1978D488CC}"
EndProject
Global
	GlobalSection(SolutionConfigurationPlatforms) = preSolution
		Debug|Any CPU = Debug|Any CPU
		Release|Any CPU = Release|Any CPU
	EndGlobalSection
	GlobalSection(ProjectConfigurationPlatforms) = postSolution
		{EEA07F6D-C488-4170-ABC6-DB1978D488CC}.Debug|Any CPU.ActiveCfg = Debug|Any CPU
		{EEA07F6D-C488-4170-ABC6-DB1978D488CC}.Debug|Any CPU.Build.0 = Debug|Any CPU
		{EEA07F6D-C488-4170-ABC6-DB1978D488CC}.Release|Any CPU.ActiveCfg = Release|Any CPU
		{EEA07F6D-C488-4170-ABC6-DB1978D488CC}.Release|Any CPU.Build.0 = Release|Any CPU
	EndGlobalSection
	GlobalSection(SolutionProperties) = preSolution
		HideSolutionNode = FALSE
	EndGlobalSection
	GlobalSection(ExtensibilityGlobals) = postSolution
		SolutionGuid = {E03EB647-C94F-4630-89B7-BCB365BB39E3}
	EndGlobalSection
EndGlobal
